
Microsoft Visual Studio Solution File, Format Version 12.00
# Visual Studio 15
VisualStudioVersion = 15.0.27428.2015
MinimumVisualStudioVersion = 10.0.40219.1
Project("{FAE04EC0-301F-11D3-BF4B-00C04F79EFBC}") = "SimpleRPG", "SimpleRPG\SimpleRPG.csproj", "{2EE2383A-7FCF-423B-BD8E-0B33E29898BF}"
EndProject
Project("{FAE04EC0-301F-11D3-BF4B-00C04F79EFBC}") = "SimpleRPG.Test", "SimpleRPG.Test\SimpleRPG.Test.csproj", "{C068C12B-77FF-40AA-9E3C-995EFC840E2A}"
EndProject
Project("{9A19103F-16F7-4668-BE54-9A1E7A4F7556}") = "Menus", "..\..\..\Users\joels\source\repos\Menus\Menus\Menus.csproj", "{024C2FCB-280D-497B-887B-5C0EFA62E2E5}"
EndProject
Global
	GlobalSection(SolutionConfigurationPlatforms) = preSolution
		Debug|Any CPU = Debug|Any CPU
		Release|Any CPU = Release|Any CPU
	EndGlobalSection
	GlobalSection(ProjectConfigurationPlatforms) = postSolution
		{2EE2383A-7FCF-423B-BD8E-0B33E29898BF}.Debug|Any CPU.ActiveCfg = Debug|Any CPU
		{2EE2383A-7FCF-423B-BD8E-0B33E29898BF}.Debug|Any CPU.Build.0 = Debug|Any CPU
		{2EE2383A-7FCF-423B-BD8E-0B33E29898BF}.Release|Any CPU.ActiveCfg = Release|Any CPU
		{2EE2383A-7FCF-423B-BD8E-0B33E29898BF}.Release|Any CPU.Build.0 = Release|Any CPU
		{C068C12B-77FF-40AA-9E3C-995EFC840E2A}.Debug|Any CPU.ActiveCfg = Debug|Any CPU
		{C068C12B-77FF-40AA-9E3C-995EFC840E2A}.Debug|Any CPU.Build.0 = Debug|Any CPU
		{C068C12B-77FF-40AA-9E3C-995EFC840E2A}.Release|Any CPU.ActiveCfg = Release|Any CPU
		{C068C12B-77FF-40AA-9E3C-995EFC840E2A}.Release|Any CPU.Build.0 = Release|Any CPU
		{024C2FCB-280D-497B-887B-5C0EFA62E2E5}.Debug|Any CPU.ActiveCfg = Debug|Any CPU
		{024C2FCB-280D-497B-887B-5C0EFA62E2E5}.Debug|Any CPU.Build.0 = Debug|Any CPU
		{024C2FCB-280D-497B-887B-5C0EFA62E2E5}.Release|Any CPU.ActiveCfg = Release|Any CPU
		{024C2FCB-280D-497B-887B-5C0EFA62E2E5}.Release|Any CPU.Build.0 = Release|Any CPU
	EndGlobalSection
	GlobalSection(SolutionProperties) = preSolution
		HideSolutionNode = FALSE
	EndGlobalSection
	GlobalSection(ExtensibilityGlobals) = postSolution
		SolutionGuid = {383E843E-C8B9-41B2-84D5-D2D14348B9AA}
	EndGlobalSection
EndGlobal
